
Microsoft Visual Studio Solution File, Format Version 12.00
# Visual Studio Version 16
VisualStudioVersion = 16.0.30204.135
MinimumVisualStudioVersion = 10.0.40219.1
Project("{FAE04EC0-301F-11D3-BF4B-00C04F79EFBC}") = "SenseGloveCs", "SenseGloveCs\SenseGloveCs.csproj", "{90022495-345D-46C6-B43E-A4FCAACE4D8C}"
EndProject
Global
	GlobalSection(SolutionConfigurationPlatforms) = preSolution
		Debug|Any CPU = Debug|Any CPU
		Release|Any CPU = Release|Any CPU
	EndGlobalSection
	GlobalSection(ProjectConfigurationPlatforms) = postSolution
		{90022495-345D-46C6-B43E-A4FCAACE4D8C}.Debug|Any CPU.ActiveCfg = Debug|Any CPU
		{90022495-345D-46C6-B43E-A4FCAACE4D8C}.Debug|Any CPU.Build.0 = Debug|Any CPU
		{90022495-345D-46C6-B43E-A4FCAACE4D8C}.Release|Any CPU.ActiveCfg = Release|Any CPU
		{90022495-345D-46C6-B43E-A4FCAACE4D8C}.Release|Any CPU.Build.0 = Release|Any CPU
	EndGlobalSection
	GlobalSection(SolutionProperties) = preSolution
		HideSolutionNode = FALSE
	EndGlobalSection
	GlobalSection(ExtensibilityGlobals) = postSolution
		SolutionGuid = {F8E6EE07-6202-42E4-98DA-6FE490A067A6}
	EndGlobalSection
EndGlobal
