
Microsoft Visual Studio Solution File, Format Version 12.00
# Visual Studio Version 16
VisualStudioVersion = 16.0.29306.81
MinimumVisualStudioVersion = 10.0.40219.1
Project("{8BC9CEB8-8B4A-11D0-8D11-00A0C91BC942}") = "NoSenseCom", "NoSenseCom\NoSenseCom.vcxproj", "{228A5224-1CBD-4EA3-AB5A-97F1AEB656A2}"
EndProject
Global
	GlobalSection(SolutionConfigurationPlatforms) = preSolution
		Debug|x64 = Debug|x64
		Debug|x86 = Debug|x86
		Release|x64 = Release|x64
		Release|x86 = Release|x86
	EndGlobalSection
	GlobalSection(ProjectConfigurationPlatforms) = postSolution
		{228A5224-1CBD-4EA3-AB5A-97F1AEB656A2}.Debug|x64.ActiveCfg = Debug|x64
		{228A5224-1CBD-4EA3-AB5A-97F1AEB656A2}.Debug|x64.Build.0 = Debug|x64
		{228A5224-1CBD-4EA3-AB5A-97F1AEB656A2}.Debug|x86.ActiveCfg = Debug|Win32
		{228A5224-1CBD-4EA3-AB5A-97F1AEB656A2}.Debug|x86.Build.0 = Debug|Win32
		{228A5224-1CBD-4EA3-AB5A-97F1AEB656A2}.Release|x64.ActiveCfg = Release|x64
		{228A5224-1CBD-4EA3-AB5A-97F1AEB656A2}.Release|x64.Build.0 = Release|x64
		{228A5224-1CBD-4EA3-AB5A-97F1AEB656A2}.Release|x86.ActiveCfg = Release|Win32
		{228A5224-1CBD-4EA3-AB5A-97F1AEB656A2}.Release|x86.Build.0 = Release|Win32
	EndGlobalSection
	GlobalSection(SolutionProperties) = preSolution
		HideSolutionNode = FALSE
	EndGlobalSection
	GlobalSection(ExtensibilityGlobals) = postSolution
		SolutionGuid = {2AFAE11C-1F2A-4FDE-8BCE-B54EEA3AB7A4}
	EndGlobalSection
EndGlobal
