
Microsoft Visual Studio Solution File, Format Version 12.00
# Visual Studio Version 16
VisualStudioVersion = 16.0.31911.196
MinimumVisualStudioVersion = 10.0.40219.1
Project("{FAE04EC0-301F-11D3-BF4B-00C04F79EFBC}") = "SGCoreCs_VS", "SGCoreCs_VS.csproj", "{EEB7CC00-AFE8-4380-B3E9-FDE142EA5334}"
EndProject
Global
	GlobalSection(SolutionConfigurationPlatforms) = preSolution
		Debug|Any CPU = Debug|Any CPU
		Release|Any CPU = Release|Any CPU
	EndGlobalSection
	GlobalSection(ProjectConfigurationPlatforms) = postSolution
		{EEB7CC00-AFE8-4380-B3E9-FDE142EA5334}.Debug|Any CPU.ActiveCfg = Debug|Any CPU
		{EEB7CC00-AFE8-4380-B3E9-FDE142EA5334}.Debug|Any CPU.Build.0 = Debug|Any CPU
		{EEB7CC00-AFE8-4380-B3E9-FDE142EA5334}.Release|Any CPU.ActiveCfg = Release|Any CPU
		{EEB7CC00-AFE8-4380-B3E9-FDE142EA5334}.Release|Any CPU.Build.0 = Release|Any CPU
	EndGlobalSection
	GlobalSection(SolutionProperties) = preSolution
		HideSolutionNode = FALSE
	EndGlobalSection
	GlobalSection(ExtensibilityGlobals) = postSolution
		SolutionGuid = {489C9146-C1F7-4C04-979B-D1F572C9EFFF}
	EndGlobalSection
EndGlobal
